
Microsoft Visual Studio Solution File, Format Version 12.00
# Visual Studio 14
VisualStudioVersion = 14.0.24720.0
MinimumVisualStudioVersion = 10.0.40219.1
Project("{FAE04EC0-301F-11D3-BF4B-00C04F79EFBC}") = "MergerApp", "ConsoleApplication1\MergerApp.csproj", "{A4A9D999-5FE4-4BF1-B3CF-21BFDCBD0837}"
EndProject
Project("{FAE04EC0-301F-11D3-BF4B-00C04F79EFBC}") = "StringUtility", "StringUtility\StringUtility.csproj", "{E0FD403B-7F58-448C-9EB1-DECA9813102B}"
EndProject
Project("{2150E333-8FDC-42A3-9474-1A3956D46DE8}") = "Model", "Model", "{95D639DA-D003-4E45-8F2A-B095B501A5F5}"
EndProject
Project("{FAE04EC0-301F-11D3-BF4B-00C04F79EFBC}") = "DataModel", "DataModel\DataModel.csproj", "{2358B6C7-5082-4211-AEFB-C094BF142294}"
EndProject
Project("{2150E333-8FDC-42A3-9474-1A3956D46DE8}") = "Utilities", "Utilities", "{554A425F-CF07-4893-8040-B6322054BE23}"
EndProject
Global
	GlobalSection(SolutionConfigurationPlatforms) = preSolution
		Debug|Any CPU = Debug|Any CPU
		Release|Any CPU = Release|Any CPU
	EndGlobalSection
	GlobalSection(ProjectConfigurationPlatforms) = postSolution
		{A4A9D999-5FE4-4BF1-B3CF-21BFDCBD0837}.Debug|Any CPU.ActiveCfg = Debug|Any CPU
		{A4A9D999-5FE4-4BF1-B3CF-21BFDCBD0837}.Debug|Any CPU.Build.0 = Debug|Any CPU
		{A4A9D999-5FE4-4BF1-B3CF-21BFDCBD0837}.Release|Any CPU.ActiveCfg = Release|Any CPU
		{A4A9D999-5FE4-4BF1-B3CF-21BFDCBD0837}.Release|Any CPU.Build.0 = Release|Any CPU
		{E0FD403B-7F58-448C-9EB1-DECA9813102B}.Debug|Any CPU.ActiveCfg = Debug|Any CPU
		{E0FD403B-7F58-448C-9EB1-DECA9813102B}.Debug|Any CPU.Build.0 = Debug|Any CPU
		{E0FD403B-7F58-448C-9EB1-DECA9813102B}.Release|Any CPU.ActiveCfg = Release|Any CPU
		{E0FD403B-7F58-448C-9EB1-DECA9813102B}.Release|Any CPU.Build.0 = Release|Any CPU
		{2358B6C7-5082-4211-AEFB-C094BF142294}.Debug|Any CPU.ActiveCfg = Debug|Any CPU
		{2358B6C7-5082-4211-AEFB-C094BF142294}.Debug|Any CPU.Build.0 = Debug|Any CPU
		{2358B6C7-5082-4211-AEFB-C094BF142294}.Release|Any CPU.ActiveCfg = Release|Any CPU
		{2358B6C7-5082-4211-AEFB-C094BF142294}.Release|Any CPU.Build.0 = Release|Any CPU
	EndGlobalSection
	GlobalSection(SolutionProperties) = preSolution
		HideSolutionNode = FALSE
	EndGlobalSection
	GlobalSection(NestedProjects) = preSolution
		{E0FD403B-7F58-448C-9EB1-DECA9813102B} = {554A425F-CF07-4893-8040-B6322054BE23}
		{2358B6C7-5082-4211-AEFB-C094BF142294} = {95D639DA-D003-4E45-8F2A-B095B501A5F5}
	EndGlobalSection
EndGlobal
